// !$*UTF8*$!
{
	archiveVersion = 1;
	classes = {
	};
	objectVersion = 46;
	objects = {

/* Begin PBXBuildFile section */
		1C8855F11C85B93B0089A8A4 /* Parasite.c in Sources */ = {isa = PBXBuildFile; fileRef = 1C8855F01C85B93B0089A8A4 /* Parasite.c */; };
		1CA504371CABECCF00AB695C /* config.h in Headers */ = {isa = PBXBuildFile; fileRef = 1CA504311CABECCF00AB695C /* config.h */; };
		1CA504381CABECCF00AB695C /* kernel_symbols.c in Sources */ = {isa = PBXBuildFile; fileRef = 1CA504321CABECCF00AB695C /* kernel_symbols.c */; };
		1CA504391CABECCF00AB695C /* kernel_symbols.h in Headers */ = {isa = PBXBuildFile; fileRef = 1CA504331CABECCF00AB695C /* kernel_symbols.h */; };
		1CA5043A1CABECCF00AB695C /* library_injector.c in Sources */ = {isa = PBXBuildFile; fileRef = 1CA504341CABECCF00AB695C /* library_injector.c */; };
		1CA5043B1CABECCF00AB695C /* library_injector.h in Headers */ = {isa = PBXBuildFile; fileRef = 1CA504351CABECCF00AB695C /* library_injector.h */; };
		1CA5043C1CABECCF00AB695C /* logging.h in Headers */ = {isa = PBXBuildFile; fileRef = 1CA504361CABECCF00AB695C /* logging.h */; };
/* End PBXBuildFile section */

/* Begin PBXFileReference section */
		1C3E29451CABDB070041ED3D /* Infector.c */ = {isa = PBXFileReference; fileEncoding = 4; lastKnownFileType = sourcecode.c.c; path = Infector.c; sourceTree = "<group>"; };
		1C3E29461CABDB070041ED3D /* Infector.h */ = {isa = PBXFileReference; fileEncoding = 4; lastKnownFileType = sourcecode.c.h; path = Infector.h; sourceTree = "<group>"; };
		1C8855ED1C85B93B0089A8A4 /* Parasite.kext */ = {isa = PBXFileReference; explicitFileType = wrapper.cfbundle; includeInIndex = 0; path = Parasite.kext; sourceTree = BUILT_PRODUCTS_DIR; };
		1C8855F01C85B93B0089A8A4 /* Parasite.c */ = {isa = PBXFileReference; lastKnownFileType = sourcecode.c.c; path = Parasite.c; sourceTree = "<group>"; };
		1C8855F21C85B93B0089A8A4 /* Info.plist */ = {isa = PBXFileReference; lastKnownFileType = text.plist.xml; path = Info.plist; sourceTree = "<group>"; };
		1CA504311CABECCF00AB695C /* config.h */ = {isa = PBXFileReference; fileEncoding = 4; lastKnownFileType = sourcecode.c.h; path = config.h; sourceTree = "<group>"; };
		1CA504321CABECCF00AB695C /* kernel_symbols.c */ = {isa = PBXFileReference; fileEncoding = 4; lastKnownFileType = sourcecode.c.c; path = kernel_symbols.c; sourceTree = "<group>"; };
		1CA504331CABECCF00AB695C /* kernel_symbols.h */ = {isa = PBXFileReference; fileEncoding = 4; lastKnownFileType = sourcecode.c.h; path = kernel_symbols.h; sourceTree = "<group>"; };
		1CA504341CABECCF00AB695C /* library_injector.c */ = {isa = PBXFileReference; fileEncoding = 4; lastKnownFileType = sourcecode.c.c; path = library_injector.c; sourceTree = "<group>"; };
		1CA504351CABECCF00AB695C /* library_injector.h */ = {isa = PBXFileReference; fileEncoding = 4; lastKnownFileType = sourcecode.c.h; path = library_injector.h; sourceTree = "<group>"; };
		1CA504361CABECCF00AB695C /* logging.h */ = {isa = PBXFileReference; fileEncoding = 4; lastKnownFileType = sourcecode.c.h; path = logging.h; sourceTree = "<group>"; };
/* End PBXFileReference section */

/* Begin PBXFrameworksBuildPhase section */
		1C8855E91C85B93B0089A8A4 /* Frameworks */ = {
			isa = PBXFrameworksBuildPhase;
			buildActionMask = 2147483647;
			files = (
			);
			runOnlyForDeploymentPostprocessing = 0;
		};
/* End PBXFrameworksBuildPhase section */

/* Begin PBXGroup section */
		1C3E29661CABE9360041ED3D /* osxreverser */ = {
			isa = PBXGroup;
			children = (
				1CA504311CABECCF00AB695C /* config.h */,
				1CA504321CABECCF00AB695C /* kernel_symbols.c */,
				1CA504331CABECCF00AB695C /* kernel_symbols.h */,
				1CA504341CABECCF00AB695C /* library_injector.c */,
				1CA504351CABECCF00AB695C /* library_injector.h */,
				1CA504361CABECCF00AB695C /* logging.h */,
			);
			name = osxreverser;
			sourceTree = "<group>";
		};
		1C8855E31C85B93B0089A8A4 = {
			isa = PBXGroup;
			children = (
				1C8855EF1C85B93B0089A8A4 /* Parasite */,
				1C8855EE1C85B93B0089A8A4 /* Products */,
			);
			sourceTree = "<group>";
		};
		1C8855EE1C85B93B0089A8A4 /* Products */ = {
			isa = PBXGroup;
			children = (
				1C8855ED1C85B93B0089A8A4 /* Parasite.kext */,
			);
			name = Products;
			sourceTree = "<group>";
		};
		1C8855EF1C85B93B0089A8A4 /* Parasite */ = {
			isa = PBXGroup;
			children = (
				1C3E29661CABE9360041ED3D /* osxreverser */,
				1C3E29451CABDB070041ED3D /* Infector.c */,
				1C3E29461CABDB070041ED3D /* Infector.h */,
				1C8855F01C85B93B0089A8A4 /* Parasite.c */,
				1C8855F21C85B93B0089A8A4 /* Info.plist */,
			);
			path = Parasite;
			sourceTree = "<group>";
		};
/* End PBXGroup section */

/* Begin PBXHeadersBuildPhase section */
		1C8855EA1C85B93B0089A8A4 /* Headers */ = {
			isa = PBXHeadersBuildPhase;
			buildActionMask = 2147483647;
			files = (
				1CA504371CABECCF00AB695C /* config.h in Headers */,
				1CA5043B1CABECCF00AB695C /* library_injector.h in Headers */,
				1CA5043C1CABECCF00AB695C /* logging.h in Headers */,
				1CA504391CABECCF00AB695C /* kernel_symbols.h in Headers */,
			);
			runOnlyForDeploymentPostprocessing = 0;
		};
/* End PBXHeadersBuildPhase section */

/* Begin PBXNativeTarget section */
		1C8855EC1C85B93B0089A8A4 /* Parasite */ = {
			isa = PBXNativeTarget;
			buildConfigurationList = 1C8855F51C85B93B0089A8A4 /* Build configuration list for PBXNativeTarget "Parasite" */;
			buildPhases = (
				1C8855E81C85B93B0089A8A4 /* Sources */,
				1C8855E91C85B93B0089A8A4 /* Frameworks */,
				1C8855EA1C85B93B0089A8A4 /* Headers */,
				1C8855EB1C85B93B0089A8A4 /* Resources */,
				1CDB279D1C9B3F4400E0318E /* ShellScript */,
			);
			buildRules = (
			);
			dependencies = (
			);
			name = Parasite;
			productName = Parasite;
			productReference = 1C8855ED1C85B93B0089A8A4 /* Parasite.kext */;
			productType = "com.apple.product-type.kernel-extension";
		};
/* End PBXNativeTarget section */

/* Begin PBXProject section */
		1C8855E41C85B93B0089A8A4 /* Project object */ = {
			isa = PBXProject;
			attributes = {
				LastUpgradeCheck = 0730;
				ORGANIZATIONNAME = "Timm Kandziora";
				TargetAttributes = {
					1C8855EC1C85B93B0089A8A4 = {
						CreatedOnToolsVersion = 7.2.1;
						DevelopmentTeam = N8YZB43954;
					};
				};
			};
			buildConfigurationList = 1C8855E71C85B93B0089A8A4 /* Build configuration list for PBXProject "Parasite" */;
			compatibilityVersion = "Xcode 3.2";
			developmentRegion = English;
			hasScannedForEncodings = 0;
			knownRegions = (
				en,
			);
			mainGroup = 1C8855E31C85B93B0089A8A4;
			productRefGroup = 1C8855EE1C85B93B0089A8A4 /* Products */;
			projectDirPath = "";
			projectRoot = "";
			targets = (
				1C8855EC1C85B93B0089A8A4 /* Parasite */,
			);
		};
/* End PBXProject section */

/* Begin PBXResourcesBuildPhase section */
		1C8855EB1C85B93B0089A8A4 /* Resources */ = {
			isa = PBXResourcesBuildPhase;
			buildActionMask = 2147483647;
			files = (
			);
			runOnlyForDeploymentPostprocessing = 0;
		};
/* End PBXResourcesBuildPhase section */

/* Begin PBXShellScriptBuildPhase section */
		1CDB279D1C9B3F4400E0318E /* ShellScript */ = {
			isa = PBXShellScriptBuildPhase;
			buildActionMask = 2147483647;
			files = (
			);
			inputPaths = (
			);
			outputPaths = (
			);
			runOnlyForDeploymentPostprocessing = 0;
			shellPath = /bin/sh;
			shellScript = "export SUDO_ASKPASS=~/Desktop/print_password.sh\nsudo -A rm -rf /System/Library/Extensions/Parasite.kext\nsudo -A cp -R $BUILT_PRODUCTS_DIR/Parasite.kext /System/Library/Extensions/\nsudo -A chown -R root:wheel /System/Library/Extensions/Parasite.kext\n";
		};
/* End PBXShellScriptBuildPhase section */

/* Begin PBXSourcesBuildPhase section */
		1C8855E81C85B93B0089A8A4 /* Sources */ = {
			isa = PBXSourcesBuildPhase;
			buildActionMask = 2147483647;
			files = (
				1CA5043A1CABECCF00AB695C /* library_injector.c in Sources */,
				1CA504381CABECCF00AB695C /* kernel_symbols.c in Sources */,
				1C8855F11C85B93B0089A8A4 /* Parasite.c in Sources */,
			);
			runOnlyForDeploymentPostprocessing = 0;
		};
/* End PBXSourcesBuildPhase section */

/* Begin XCBuildConfiguration section */
		1C8855F31C85B93B0089A8A4 /* Debug */ = {
			isa = XCBuildConfiguration;
			buildSettings = {
				ALWAYS_SEARCH_USER_PATHS = NO;
				CLANG_CXX_LANGUAGE_STANDARD = "gnu++0x";
				CLANG_CXX_LIBRARY = "libc++";
				CLANG_ENABLE_MODULES = YES;
				CLANG_ENABLE_OBJC_ARC = YES;
				CLANG_WARN_BOOL_CONVERSION = YES;
				CLANG_WARN_CONSTANT_CONVERSION = YES;
				CLANG_WARN_DIRECT_OBJC_ISA_USAGE = YES_ERROR;
				CLANG_WARN_EMPTY_BODY = YES;
				CLANG_WARN_ENUM_CONVERSION = YES;
				CLANG_WARN_INT_CONVERSION = YES;
				CLANG_WARN_OBJC_ROOT_CLASS = YES_ERROR;
				CLANG_WARN_UNREACHABLE_CODE = YES;
				CLANG_WARN__DUPLICATE_METHOD_MATCH = YES;
				CODE_SIGN_IDENTITY = "-";
				COPY_PHASE_STRIP = NO;
				DEBUG_INFORMATION_FORMAT = dwarf;
				ENABLE_STRICT_OBJC_MSGSEND = YES;
				ENABLE_TESTABILITY = YES;
				GCC_C_LANGUAGE_STANDARD = gnu99;
				GCC_DYNAMIC_NO_PIC = NO;
				GCC_NO_COMMON_BLOCKS = YES;
				GCC_OPTIMIZATION_LEVEL = 0;
				GCC_PREPROCESSOR_DEFINITIONS = (
					"DEBUG=1",
					"$(inherited)",
				);
				GCC_WARN_64_TO_32_BIT_CONVERSION = YES;
				GCC_WARN_ABOUT_RETURN_TYPE = YES_ERROR;
				GCC_WARN_UNDECLARED_SELECTOR = YES;
				GCC_WARN_UNINITIALIZED_AUTOS = YES_AGGRESSIVE;
				GCC_WARN_UNUSED_FUNCTION = YES;
				GCC_WARN_UNUSED_VARIABLE = YES;
				MACOSX_DEPLOYMENT_TARGET = 10.10;
				MTL_ENABLE_DEBUG_INFO = YES;
				ONLY_ACTIVE_ARCH = YES;
				SDKROOT = macosx;
			};
			name = Debug;
		};
		1C8855F41C85B93B0089A8A4 /* Release */ = {
			isa = XCBuildConfiguration;
			buildSettings = {
				ALWAYS_SEARCH_USER_PATHS = NO;
				CLANG_CXX_LANGUAGE_STANDARD = "gnu++0x";
				CLANG_CXX_LIBRARY = "libc++";
				CLANG_ENABLE_MODULES = YES;
				CLANG_ENABLE_OBJC_ARC = YES;
				CLANG_WARN_BOOL_CONVERSION = YES;
				CLANG_WARN_CONSTANT_CONVERSION = YES;
				CLANG_WARN_DIRECT_OBJC_ISA_USAGE = YES_ERROR;
				CLANG_WARN_EMPTY_BODY = YES;
				CLANG_WARN_ENUM_CONVERSION = YES;
				CLANG_WARN_INT_CONVERSION = YES;
				CLANG_WARN_OBJC_ROOT_CLASS = YES_ERROR;
				CLANG_WARN_UNREACHABLE_CODE = YES;
				CLANG_WARN__DUPLICATE_METHOD_MATCH = YES;
				CODE_SIGN_IDENTITY = "-";
				COPY_PHASE_STRIP = NO;
				DEBUG_INFORMATION_FORMAT = "dwarf-with-dsym";
				ENABLE_NS_ASSERTIONS = NO;
				ENABLE_STRICT_OBJC_MSGSEND = YES;
				GCC_C_LANGUAGE_STANDARD = gnu99;
				GCC_NO_COMMON_BLOCKS = YES;
				GCC_WARN_64_TO_32_BIT_CONVERSION = YES;
				GCC_WARN_ABOUT_RETURN_TYPE = YES_ERROR;
				GCC_WARN_UNDECLARED_SELECTOR = YES;
				GCC_WARN_UNINITIALIZED_AUTOS = YES_AGGRESSIVE;
				GCC_WARN_UNUSED_FUNCTION = YES;
				GCC_WARN_UNUSED_VARIABLE = YES;
				MACOSX_DEPLOYMENT_TARGET = 10.10;
				MTL_ENABLE_DEBUG_INFO = NO;
				SDKROOT = macosx;
			};
			name = Release;
		};
		1C8855F61C85B93B0089A8A4 /* Debug */ = {
			isa = XCBuildConfiguration;
			buildSettings = {
				CODE_SIGN_IDENTITY = "Mac Developer";
				"CODE_SIGN_IDENTITY[sdk=macosx*]" = "Mac Developer";
				COMBINE_HIDPI_IMAGES = YES;
				INFOPLIST_FILE = Parasite/Info.plist;
				MODULE_NAME = com.shinvou.Parasite;
				MODULE_START = Parasite_start;
				MODULE_STOP = Parasite_stop;
				MODULE_VERSION = 1.0.0d1;
				PRODUCT_BUNDLE_IDENTIFIER = com.shinvou.Parasite;
				PRODUCT_NAME = "$(TARGET_NAME)";
				PROVISIONING_PROFILE = "";
				WRAPPER_EXTENSION = kext;
			};
			name = Debug;
		};
		1C8855F71C85B93B0089A8A4 /* Release */ = {
			isa = XCBuildConfiguration;
			buildSettings = {
				CODE_SIGN_IDENTITY = "Mac Developer";
				"CODE_SIGN_IDENTITY[sdk=macosx*]" = "Mac Developer";
				COMBINE_HIDPI_IMAGES = YES;
				INFOPLIST_FILE = Parasite/Info.plist;
				MODULE_NAME = com.shinvou.Parasite;
				MODULE_START = Parasite_start;
				MODULE_STOP = Parasite_stop;
				MODULE_VERSION = 1.0.0d1;
				PRODUCT_BUNDLE_IDENTIFIER = com.shinvou.Parasite;
				PRODUCT_NAME = "$(TARGET_NAME)";
				PROVISIONING_PROFILE = "";
				WRAPPER_EXTENSION = kext;
			};
			name = Release;
		};
/* End XCBuildConfiguration section */

/* Begin XCConfigurationList section */
		1C8855E71C85B93B0089A8A4 /* Build configuration list for PBXProject "Parasite" */ = {
			isa = XCConfigurationList;
			buildConfigurations = (
				1C8855F31C85B93B0089A8A4 /* Debug */,
				1C8855F41C85B93B0089A8A4 /* Release */,
			);
			defaultConfigurationIsVisible = 0;
			defaultConfigurationName = Release;
		};
		1C8855F51C85B93B0089A8A4 /* Build configuration list for PBXNativeTarget "Parasite" */ = {
			isa = XCConfigurationList;
			buildConfigurations = (
				1C8855F61C85B93B0089A8A4 /* Debug */,
				1C8855F71C85B93B0089A8A4 /* Release */,
			);
			defaultConfigurationIsVisible = 0;
			defaultConfigurationName = Release;
		};
/* End XCConfigurationList section */
	};
	rootObject = 1C8855E41C85B93B0089A8A4 /* Project object */;
}
